
Microsoft Visual Studio Solution File, Format Version 12.00
# Visual Studio Version 17
VisualStudioVersion = 17.2.32526.322
MinimumVisualStudioVersion = 10.0.40219.1
Project("{9A19103F-16F7-4668-BE54-9A1E7A4F7556}") = "EventHandler.CallingServer", "src\EventHandler.CallingServer\EventHandler.CallingServer.csproj", "{E840FCCE-0028-4247-B219-514A438DBC1B}"
EndProject
Project("{9A19103F-16F7-4668-BE54-9A1E7A4F7556}") = "CallingServer.Sdk.Contracts", "src\CallingServer.Sdk.Contracts\CallingServer.Sdk.Contracts.csproj", "{B258BD4A-2BF0-45D9-8756-D3315E8026F2}"
EndProject
Project("{9A19103F-16F7-4668-BE54-9A1E7A4F7556}") = "JobRouter.Sdk.Contracts", "src\JobRouter.Sdk.Contracts\JobRouter.Sdk.Contracts.csproj", "{4DC6A9D5-D969-4747-BB64-7A8FA2FFFCE8}"
EndProject
Project("{9A19103F-16F7-4668-BE54-9A1E7A4F7556}") = "EventHandler.JobRouter", "src\EventHandler.JobRouter\EventHandler.JobRouter.csproj", "{4EADBE12-B7FF-4D6F-99EA-460CC8A6F881}"
EndProject
Project("{9A19103F-16F7-4668-BE54-9A1E7A4F7556}") = "EventHandler", "src\EventHandler\EventHandler.csproj", "{9380D76C-5F66-44DC-8501-AC6128D7CA29}"
EndProject
Project("{9A19103F-16F7-4668-BE54-9A1E7A4F7556}") = "EventHandler.Tests", "tests\EventHandler.Tests\EventHandler.Tests.csproj", "{155611DF-1F28-4DA5-9819-D36B111E8FC7}"
EndProject
Project("{2150E333-8FDC-42A3-9474-1A3956D46DE8}") = "tests", "tests", "{F50A692B-8291-4AA1-AFDE-B86EC5D0EFC2}"
EndProject
Global
	GlobalSection(SolutionConfigurationPlatforms) = preSolution
		Debug|Any CPU = Debug|Any CPU
		Release|Any CPU = Release|Any CPU
	EndGlobalSection
	GlobalSection(ProjectConfigurationPlatforms) = postSolution
		{E840FCCE-0028-4247-B219-514A438DBC1B}.Debug|Any CPU.ActiveCfg = Debug|Any CPU
		{E840FCCE-0028-4247-B219-514A438DBC1B}.Debug|Any CPU.Build.0 = Debug|Any CPU
		{E840FCCE-0028-4247-B219-514A438DBC1B}.Release|Any CPU.ActiveCfg = Release|Any CPU
		{E840FCCE-0028-4247-B219-514A438DBC1B}.Release|Any CPU.Build.0 = Release|Any CPU
		{B258BD4A-2BF0-45D9-8756-D3315E8026F2}.Debug|Any CPU.ActiveCfg = Debug|Any CPU
		{B258BD4A-2BF0-45D9-8756-D3315E8026F2}.Debug|Any CPU.Build.0 = Debug|Any CPU
		{B258BD4A-2BF0-45D9-8756-D3315E8026F2}.Release|Any CPU.ActiveCfg = Release|Any CPU
		{B258BD4A-2BF0-45D9-8756-D3315E8026F2}.Release|Any CPU.Build.0 = Release|Any CPU
		{4DC6A9D5-D969-4747-BB64-7A8FA2FFFCE8}.Debug|Any CPU.ActiveCfg = Debug|Any CPU
		{4DC6A9D5-D969-4747-BB64-7A8FA2FFFCE8}.Debug|Any CPU.Build.0 = Debug|Any CPU
		{4DC6A9D5-D969-4747-BB64-7A8FA2FFFCE8}.Release|Any CPU.ActiveCfg = Release|Any CPU
		{4DC6A9D5-D969-4747-BB64-7A8FA2FFFCE8}.Release|Any CPU.Build.0 = Release|Any CPU
		{4EADBE12-B7FF-4D6F-99EA-460CC8A6F881}.Debug|Any CPU.ActiveCfg = Debug|Any CPU
		{4EADBE12-B7FF-4D6F-99EA-460CC8A6F881}.Debug|Any CPU.Build.0 = Debug|Any CPU
		{4EADBE12-B7FF-4D6F-99EA-460CC8A6F881}.Release|Any CPU.ActiveCfg = Release|Any CPU
		{4EADBE12-B7FF-4D6F-99EA-460CC8A6F881}.Release|Any CPU.Build.0 = Release|Any CPU
		{9380D76C-5F66-44DC-8501-AC6128D7CA29}.Debug|Any CPU.ActiveCfg = Debug|Any CPU
		{9380D76C-5F66-44DC-8501-AC6128D7CA29}.Debug|Any CPU.Build.0 = Debug|Any CPU
		{9380D76C-5F66-44DC-8501-AC6128D7CA29}.Release|Any CPU.ActiveCfg = Release|Any CPU
		{9380D76C-5F66-44DC-8501-AC6128D7CA29}.Release|Any CPU.Build.0 = Release|Any CPU
		{155611DF-1F28-4DA5-9819-D36B111E8FC7}.Debug|Any CPU.ActiveCfg = Debug|Any CPU
		{155611DF-1F28-4DA5-9819-D36B111E8FC7}.Debug|Any CPU.Build.0 = Debug|Any CPU
		{155611DF-1F28-4DA5-9819-D36B111E8FC7}.Release|Any CPU.ActiveCfg = Release|Any CPU
		{155611DF-1F28-4DA5-9819-D36B111E8FC7}.Release|Any CPU.Build.0 = Release|Any CPU
	EndGlobalSection
	GlobalSection(SolutionProperties) = preSolution
		HideSolutionNode = FALSE
	EndGlobalSection
	GlobalSection(NestedProjects) = preSolution
		{155611DF-1F28-4DA5-9819-D36B111E8FC7} = {F50A692B-8291-4AA1-AFDE-B86EC5D0EFC2}
	EndGlobalSection
	GlobalSection(ExtensibilityGlobals) = postSolution
		SolutionGuid = {750EB567-3F69-4B27-BB06-348F043FB196}
	EndGlobalSection
EndGlobal
